
Microsoft Visual Studio Solution File, Format Version 12.00
# Visual Studio Version 17
VisualStudioVersion = 17.5.33530.505
MinimumVisualStudioVersion = 10.0.40219.1
Project("{FAE04EC0-301F-11D3-BF4B-00C04F79EFBC}") = "GPT", "GPT.csproj", "{3FE71AD6-9FA1-459B-B13D-E7D6D3D73801}"
EndProject
Global
	GlobalSection(SolutionConfigurationPlatforms) = preSolution
		Debug|Any CPU = Debug|Any CPU
		Release|Any CPU = Release|Any CPU
	EndGlobalSection
	GlobalSection(ProjectConfigurationPlatforms) = postSolution
		{3FE71AD6-9FA1-459B-B13D-E7D6D3D73801}.Debug|Any CPU.ActiveCfg = Debug|Any CPU
		{3FE71AD6-9FA1-459B-B13D-E7D6D3D73801}.Debug|Any CPU.Build.0 = Debug|Any CPU
		{3FE71AD6-9FA1-459B-B13D-E7D6D3D73801}.Release|Any CPU.ActiveCfg = Release|Any CPU
		{3FE71AD6-9FA1-459B-B13D-E7D6D3D73801}.Release|Any CPU.Build.0 = Release|Any CPU
	EndGlobalSection
	GlobalSection(SolutionProperties) = preSolution
		HideSolutionNode = FALSE
	EndGlobalSection
	GlobalSection(ExtensibilityGlobals) = postSolution
		SolutionGuid = {21EA7DB5-923F-4391-A358-9ADB6AE4C6B4}
	EndGlobalSection
EndGlobal
